
Microsoft Visual Studio Solution File, Format Version 12.00
# Visual Studio Version 16
VisualStudioVersion = 16.0.30907.101
MinimumVisualStudioVersion = 10.0.40219.1
Project("{8BC9CEB8-8B4A-11D0-8D11-00A0C91BC942}") = "3.6", "3.6\3.6.vcxproj", "{57C71E86-8CB2-462B-A09F-F7334DF370EF}"
EndProject
Project("{8BC9CEB8-8B4A-11D0-8D11-00A0C91BC942}") = "UnitTest1", "UnitTest1\UnitTest1.vcxproj", "{A46E152A-ADA4-4996-B4E5-633CD231CCAB}"
EndProject
Global
	GlobalSection(SolutionConfigurationPlatforms) = preSolution
		Debug|x64 = Debug|x64
		Debug|x86 = Debug|x86
		Release|x64 = Release|x64
		Release|x86 = Release|x86
	EndGlobalSection
	GlobalSection(ProjectConfigurationPlatforms) = postSolution
		{57C71E86-8CB2-462B-A09F-F7334DF370EF}.Debug|x64.ActiveCfg = Debug|x64
		{57C71E86-8CB2-462B-A09F-F7334DF370EF}.Debug|x64.Build.0 = Debug|x64
		{57C71E86-8CB2-462B-A09F-F7334DF370EF}.Debug|x86.ActiveCfg = Debug|Win32
		{57C71E86-8CB2-462B-A09F-F7334DF370EF}.Debug|x86.Build.0 = Debug|Win32
		{57C71E86-8CB2-462B-A09F-F7334DF370EF}.Release|x64.ActiveCfg = Release|x64
		{57C71E86-8CB2-462B-A09F-F7334DF370EF}.Release|x64.Build.0 = Release|x64
		{57C71E86-8CB2-462B-A09F-F7334DF370EF}.Release|x86.ActiveCfg = Release|Win32
		{57C71E86-8CB2-462B-A09F-F7334DF370EF}.Release|x86.Build.0 = Release|Win32
		{A46E152A-ADA4-4996-B4E5-633CD231CCAB}.Debug|x64.ActiveCfg = Debug|x64
		{A46E152A-ADA4-4996-B4E5-633CD231CCAB}.Debug|x64.Build.0 = Debug|x64
		{A46E152A-ADA4-4996-B4E5-633CD231CCAB}.Debug|x86.ActiveCfg = Debug|Win32
		{A46E152A-ADA4-4996-B4E5-633CD231CCAB}.Debug|x86.Build.0 = Debug|Win32
		{A46E152A-ADA4-4996-B4E5-633CD231CCAB}.Release|x64.ActiveCfg = Release|x64
		{A46E152A-ADA4-4996-B4E5-633CD231CCAB}.Release|x64.Build.0 = Release|x64
		{A46E152A-ADA4-4996-B4E5-633CD231CCAB}.Release|x86.ActiveCfg = Release|Win32
		{A46E152A-ADA4-4996-B4E5-633CD231CCAB}.Release|x86.Build.0 = Release|Win32
	EndGlobalSection
	GlobalSection(SolutionProperties) = preSolution
		HideSolutionNode = FALSE
	EndGlobalSection
	GlobalSection(ExtensibilityGlobals) = postSolution
		SolutionGuid = {FB6B3736-1086-4C8D-9E07-A87C22ACDBE8}
	EndGlobalSection
EndGlobal
